
Microsoft Visual Studio Solution File, Format Version 12.00
# Visual Studio Version 16
VisualStudioVersion = 16.0.30114.105
MinimumVisualStudioVersion = 10.0.40219.1
Project("{FAE04EC0-301F-11D3-BF4B-00C04F79EFBC}") = "Vrublevsky_bd_kyrs", "Vrublevsky_bd_kyrs\Vrublevsky_bd_kyrs.csproj", "{8DEDCE90-BDA1-4D6E-BB24-17D0A388AEAC}"
EndProject
Global
	GlobalSection(SolutionConfigurationPlatforms) = preSolution
		Debug|Any CPU = Debug|Any CPU
		Release|Any CPU = Release|Any CPU
	EndGlobalSection
	GlobalSection(ProjectConfigurationPlatforms) = postSolution
		{8DEDCE90-BDA1-4D6E-BB24-17D0A388AEAC}.Debug|Any CPU.ActiveCfg = Debug|Any CPU
		{8DEDCE90-BDA1-4D6E-BB24-17D0A388AEAC}.Debug|Any CPU.Build.0 = Debug|Any CPU
		{8DEDCE90-BDA1-4D6E-BB24-17D0A388AEAC}.Release|Any CPU.ActiveCfg = Release|Any CPU
		{8DEDCE90-BDA1-4D6E-BB24-17D0A388AEAC}.Release|Any CPU.Build.0 = Release|Any CPU
	EndGlobalSection
	GlobalSection(SolutionProperties) = preSolution
		HideSolutionNode = FALSE
	EndGlobalSection
	GlobalSection(ExtensibilityGlobals) = postSolution
		SolutionGuid = {858DB1F0-83F9-4FF2-B81B-AA9184233DC1}
	EndGlobalSection
EndGlobal
